{
  "version": "5",
  "specifiers": {
    "jsr:@cliffy/ansi@1.0.1": "1.0.1",
    "jsr:@cliffy/ansi@1.1.0": "1.1.0",
    "jsr:@cliffy/command@1.1.0": "1.1.0",
    "jsr:@cliffy/flags@1.1.0": "1.1.0",
    "jsr:@cliffy/internal@1.0.1": "1.0.1",
    "jsr:@cliffy/internal@1.1.0": "1.1.0",
    "jsr:@cliffy/keycode@1.0.1": "1.0.1",
    "jsr:@cliffy/prompt@1.0.1": "1.0.1",
    "jsr:@cliffy/table@1.1.0": "1.1.0",
    "jsr:@pal/datastructures@~0.1.1": "0.1.1",
    "jsr:@std/assert@^1.0.19": "1.0.19",
    "jsr:@std/async@^1.3.0": "1.3.0",
    "jsr:@std/bytes@^1.0.6": "1.0.6",
    "jsr:@std/collections@1": "1.1.7",
    "jsr:@std/data-structures@^1.0.11": "1.0.11",
    "jsr:@std/encoding@^1.0.10": "1.0.10",
    "jsr:@std/expect@1": "1.0.19",
    "jsr:@std/fmt@^1.0.9": "1.0.10",
    "jsr:@std/fs@^1.0.23": "1.0.23",
    "jsr:@std/internal@^1.0.12": "1.0.13",
    "jsr:@std/internal@^1.0.13": "1.0.13",
    "jsr:@std/io@~0.225.3": "0.225.3",
    "jsr:@std/path@1": "1.1.4",
    "jsr:@std/path@^1.1.4": "1.1.4",
    "jsr:@std/semver@^1.0.3": "1.0.8",
    "jsr:@std/semver@^1.0.8": "1.0.8",
    "jsr:@std/streams@^1.0.8": "1.1.0",
    "jsr:@std/testing@^1.0.5": "1.0.18",
    "jsr:@std/text@^1.0.17": "1.0.18",
    "npm:@types/node@*": "22.5.4"
  },
  "jsr": {
    "@cliffy/ansi@1.0.1": {
      "integrity": "46be51d0993a916dbed68564a6630dc1a742ebb0247744e04bc17e85d72f5bed",
      "dependencies": [
        "jsr:@cliffy/internal@1.0.1",
        "jsr:@std/encoding",
        "jsr:@std/io"
      ]
    },
    "@cliffy/ansi@1.1.0": {
      "integrity": "f95946660bf07c34017b8eb09240f0ef346a201284be8f1c33f372410f59edf4",
      "dependencies": [
        "jsr:@cliffy/internal@1.1.0",
        "jsr:@std/encoding",
        "jsr:@std/fmt",
        "jsr:@std/io"
      ]
    },
    "@cliffy/command@1.1.0": {
      "integrity": "963019e2aa13272195b79256a7d8e0f2c60ba8c1b733e023f0aa241b4de87bf7",
      "dependencies": [
        "jsr:@cliffy/flags",
        "jsr:@cliffy/internal@1.1.0",
        "jsr:@cliffy/table",
        "jsr:@std/fmt",
        "jsr:@std/semver@^1.0.8",
        "jsr:@std/text"
      ]
    },
    "@cliffy/flags@1.1.0": {
      "integrity": "da161133ea19997d42ae5833226485a8e7598cf82b86d7c1a2ea10e974ecf21c",
      "dependencies": [
        "jsr:@cliffy/internal@1.1.0",
        "jsr:@std/text"
      ]
    },
    "@cliffy/internal@1.0.1": {
      "integrity": "9e2bba59ad559b790f09c57219c727a69f0179ebabc07f1bf9db25232b606760"
    },
    "@cliffy/internal@1.1.0": {
      "integrity": "433dd7755680d0da6b0a6186694327f6fd8e80807be314cf4bb06270bab28023"
    },
    "@cliffy/keycode@1.0.1": {
      "integrity": "b01053b39bce5536e36aff9b262d84a7b289bcff03d904f3cf60f9dc1605ce9f"
    },
    "@cliffy/prompt@1.0.1": {
      "integrity": "717265ab9a2ad2a3c06d2a090bb3068f1a5a5efd6ea3c6da9ea09274f74830cd",
      "dependencies": [
        "jsr:@cliffy/ansi@1.0.1",
        "jsr:@cliffy/internal@1.0.1",
        "jsr:@cliffy/keycode",
        "jsr:@std/assert",
        "jsr:@std/fmt",
        "jsr:@std/io",
        "jsr:@std/path@^1.1.4",
        "jsr:@std/text"
      ]
    },
    "@cliffy/table@1.1.0": {
      "integrity": "6579680c9900628ccd0e05272e89ae483391d74a4f1dfe7c55c919e8a7320bcd",
      "dependencies": [
        "jsr:@std/fmt"
      ]
    },
    "@pal/datastructures@0.1.1": {
      "integrity": "50773e05ce1e5954aa6a7cc40d79bb7b7df7856d5a20313596d467e681a28b8a"
    },
    "@std/assert@1.0.19": {
      "integrity": "eaada96ee120cb980bc47e040f82814d786fe8162ecc53c91d8df60b8755991e",
      "dependencies": [
        "jsr:@std/internal@^1.0.12"
      ]
    },
    "@std/async@1.3.0": {
      "integrity": "80485538a4f7baaa46bfe2246168069e02ed142b9f9079cd164f43bb060ad9e9"
    },
    "@std/bytes@1.0.6": {
      "integrity": "f6ac6adbd8ccd99314045f5703e23af0a68d7f7e58364b47d2c7f408aeb5820a"
    },
    "@std/collections@1.1.7": {
      "integrity": "56f659d011218a69740b12829cf5ea2c9b70bbed0af02597e27dc1eb5e69e208"
    },
    "@std/data-structures@1.0.11": {
      "integrity": "53b98ed7efa61f107dfc14244bd2ec5557f7f7ee0bbaef6d449d7937facacb89"
    },
    "@std/encoding@1.0.10": {
      "integrity": "8783c6384a2d13abd5e9e87a7ae0520a30e9f56aeeaa3bdf910a3eaaf5c811a1"
    },
    "@std/expect@1.0.19": {
      "integrity": "25271785688c7ff902fa54875d6aa4001f552c5578f7f0fefb5b5aac1fc2ed8a",
      "dependencies": [
        "jsr:@std/assert",
        "jsr:@std/internal@^1.0.13",
        "jsr:@std/path@^1.1.4"
      ]
    },
    "@std/fmt@1.0.10": {
      "integrity": "90dfba288802ac6de82fb31d0917eb9e4450b9925b954d5e51fc29ac07419db5"
    },
    "@std/fs@1.0.23": {
      "integrity": "3ecbae4ce4fee03b180fa710caff36bb5adb66631c46a6460aaad49515565a37",
      "dependencies": [
        "jsr:@std/path@^1.1.4"
      ]
    },
    "@std/internal@1.0.13": {
      "integrity": "2f9546691d4ac2d32859c82dff284aaeac980ddeca38430d07941e7e288725c0"
    },
    "@std/io@0.225.3": {
      "integrity": "27b07b591384d12d7b568f39e61dff966b8230559122df1e9fd11cc068f7ddd1"
    },
    "@std/path@1.1.4": {
      "integrity": "1d2d43f39efb1b42f0b1882a25486647cb851481862dc7313390b2bb044314b5",
      "dependencies": [
        "jsr:@std/internal@^1.0.12"
      ]
    },
    "@std/semver@1.0.3": {
      "integrity": "7c139c6076a080eeaa4252c78b95ca5302818d7eafab0470d34cafd9930c13c8"
    },
    "@std/semver@1.0.8": {
      "integrity": "dc830e8b8b6a380c895d53fbfd1258dc253704ca57bbe1629ac65fd7830179b7"
    },
    "@std/streams@1.1.0": {
      "integrity": "2f7024d841f343fd478afe0c958a3f0f068ef2a0d2bcc954f550f97ac1fa22e3",
      "dependencies": [
        "jsr:@std/bytes"
      ]
    },
    "@std/testing@1.0.18": {
      "integrity": "d3152f57b11666bf6358d0e127c7e3488e91178b0c2d8fbf0793e1c53cd13cb1",
      "dependencies": [
        "jsr:@std/assert",
        "jsr:@std/async",
        "jsr:@std/data-structures",
        "jsr:@std/fs",
        "jsr:@std/internal@^1.0.13",
        "jsr:@std/path@^1.1.4"
      ]
    },
    "@std/text@1.0.18": {
      "integrity": "d199e516f80599813c64fd4aee5b8f26f6f7d1e1434c88fd153aeea6fea6a9b9"
    }
  },
  "npm": {
    "@types/node@22.5.4": {
      "integrity": "sha512-FDuKUJQm/ju9fT/SeX/6+gBzoPzlVCzfzmGkwKvRHQVxi4BntVbyIwf6a4Xn62mrvndLiml6z/UBXIdEVjQLXg==",
      "dependencies": [
        "undici-types"
      ]
    },
    "undici-types@6.19.8": {
      "integrity": "sha512-ve2KP6f/JnbPBFyobGHuerC9g1FYGn/F8n1LWTwNxCEzd6IfqTwUQcNXgEtmmQ6DlRrC1hrSrBnCZPokRrDHjw=="
    }
  },
  "workspace": {
    "dependencies": [
      "jsr:@cliffy/ansi@1.1.0",
      "jsr:@cliffy/command@1.1.0",
      "jsr:@cliffy/prompt@1.0.1",
      "jsr:@pal/datastructures@~0.1.1",
      "jsr:@std/collections@1",
      "jsr:@std/expect@1",
      "jsr:@std/path@1",
      "jsr:@std/semver@^1.0.3",
      "jsr:@std/streams@^1.0.8",
      "jsr:@std/testing@^1.0.5"
    ]
  }
}
